{
  "lockfileVersion": 3,
  "requires": true,
  "packages": {
    "node_modules/@playwright/test": {
      "version": "1.51.1",
      "resolved": "https://registry.npmjs.org/@playwright/test/-/test-1.51.1.tgz",
      "integrity": "sha512-nM+kEaTSAoVlXmMPH10017vn3FSiFqr/bh4fKg9vmAdMfd9SDqRZNvPSiAHADc/itWak+qPvMPZQOPwCBW7k7Q==",
      "dev": true,
      "dependencies": {
        "playwright": "1.51.1"
      },
      "bin": {
        "playwright": "cli.js"
      },
      "engines": {
        "node": ">=18"
      }
    },
    "node_modules/@types/node": {
      "version": "22.13.11",
      "resolved": "https://registry.npmjs.org/@types/node/-/node-22.13.11.tgz",
      "integrity": "sha512-iEUCUJoU0i3VnrCmgoWCXttklWcvoCIx4jzcP22fioIVSdTmjgoEvmAO/QPw6TcS9k5FrNgn4w7q5lGOd1CT5g==",
      "dev": true,
      "dependencies": {
        "undici-types": "~6.20.0"
      }
    },
    "node_modules/allure-js-commons": {
      "version": "3.2.1",
      "resolved": "https://registry.npmjs.org/allure-js-commons/-/allure-js-commons-3.2.1.tgz",
      "integrity": "sha512-j6JmD4k6u/1q8y5e2p74p9c4q1v05/K4i96/23Q6N+e7t8r2x3Q70161w+T2hM+5s8u79f+99uHk0uP/l+g==",
      "dependencies": {
        "md5": "2.3.0"
      }
    },
    "node_modules/allure-playwright": {
      "version": "3.2.1",
      "resolved": "https://registry.npmjs.org/allure-playwright/-/allure-playwright-3.2.1.tgz",
      "integrity": "sha512-l9X+r7/0l9p/69Vz0839e9p4f83FjB831h8H2M6rX85v7g/s5/98218155K2g5o1/1sV07L731r2x28x2g==",
      "dependencies": {
        "allure-js-commons": "3.2.1"
      },
      "dev": true
    },
    "node_modules/charenc": {
      "version": "0.0.2",
      "resolved": "https://registry.npmjs.org/charenc/-/charenc-0.0.2.tgz",
      "integrity": "sha512-yr4qGMPK44u69Rv1nOEDy09lTpci+f9q0lAOewYebaKtCbtUDr6o8tkl8a999iGvXIiYpqld4Gv+c+wYnYK4SA=="
    },
    "node_modules/crypt": {
      "version": "0.0.2",
      "resolved": "https://registry.npmjs.org/crypt/-/crypt-0.0.2.tgz",
      "integrity": "sha512-K9wU9d9m7jB04Pj/j63f3vq9hYV3Gz755589w6uYjB2q247831y1VwY7yY22i8f12128y01y7yP3g==",
      "dependencies": {
        "charenc": "0.0.2"
      }
    },
    "node_modules/is-buffer": {
      "version": "1.1.6",
      "resolved": "https://registry.npmjs.org/is-buffer/-/is-buffer-1.1.6.tgz",
      "integrity": "sha512-NcdRwyiBbt7szmUlLgzrtgQtdb8EJ47SCb1OoNwzwXRv3XyiOuSjwr5UUwyDgr+JiJbwRsc+edtLCsmiU2nuOA=="
    },
    "node_modules/md5": {
      "version": "2.3.0",
      "resolved": "https://registry.npmjs.org/md5/-/md5-2.3.0.tgz",
      "integrity": "sha512-f0rYnZ9Q9970kP7s+v+WS+k+95+cZ4lYtY5iRTiYfQzYw+w93T2f854aF656W+v0Y5j/a9i11+f7k+d2i+g==",
      "dependencies": {
        "crypt": "0.0.2",
        "is-buffer": "~1.1.6"
      }
    },
    "node_modules/playwright": {
      "version": "1.51.1",
      "resolved": "https://registry.npmjs.org/playwright/-/playwright-1.51.1.tgz",
      "integrity": "sha512-kkx+MB2KQRkyxjYPc3a0wLZZoDczmppyGJIvQ43l+aZihkaVvmu/21kiyaHeHjiFxjxNNFnUncKmcGIyOojsaw==",
      "dev": true,
      "dependencies": {
        "playwright-core": "1.51.1"
      },
      "bin": {
        "playwright": "cli.js"
      },
      "engines": {
        "node": ">=18"
      },
      "optionalDependencies": {
        "fsevents": "2.3.2"
      }
    },
    "node_modules/playwright-core": {
      "version": "1.51.1",
      "resolved": "https://registry.npmjs.org/playwright-core/-/playwright-core-1.51.1.tgz",
      "integrity": "sha512-/crRMj8+j/Nq5s8QcvegseuyeZPxpQCZb6HNk3Sos3BlZyAknRjoyJPFWkpNn8v0+P3WiwqFF8P+zQo4eqiNuw==",
      "dev": true,
      "bin": {
        "playwright-core": "cli.js"
      },
      "engines": {
        "node": ">=18"
      }
    },
    "node_modules/undici-types": {
      "version": "6.20.0",
      "resolved": "https://registry.npmjs.org/undici-types/-/undici-types-6.20.0.tgz",
      "integrity": "sha512-Ny6QZ2Nju20vw1SRHe3d9jVu6gJ+4e3+MMpqu7pqE5HT6WsTSlce++GQmK5UXS8mzV8DSYHrQH+Xrf2jVcuKNg==",
      "dev": true
    }
  }
}